
Microsoft Visual Studio Solution File, Format Version 12.00
# Visual Studio Version 17
VisualStudioVersion = 17.4.33403.182
MinimumVisualStudioVersion = 10.0.40219.1
Project("{FAE04EC0-301F-11D3-BF4B-00C04F79EFBC}") = "NetWithReact.Api", "NetWithReact.Api\NetWithReact.Api.csproj", "{412B509C-5392-4A2F-92D5-F047B8FFC507}"
EndProject
Project("{FAE04EC0-301F-11D3-BF4B-00C04F79EFBC}") = "NetWithReact.Domain", "NetWithReact.Domain\NetWithReact.Domain.csproj", "{ADCA578E-E1FF-4B13-AA61-781E707D36E2}"
EndProject
Project("{FAE04EC0-301F-11D3-BF4B-00C04F79EFBC}") = "NetWithReact.Application", "NetWithReact.Application\NetWithReact.Application.csproj", "{1CDF4B1A-F176-47D1-8C1C-3507D122B7F8}"
EndProject
Project("{FAE04EC0-301F-11D3-BF4B-00C04F79EFBC}") = "NetWithReact.Infrastructure", "NetWithReact.Infrastructure\NetWithReact.Infrastructure.csproj", "{CF5F1B02-FDE6-40BC-B8DA-0B8B584C4F40}"
EndProject
Global
	GlobalSection(SolutionConfigurationPlatforms) = preSolution
		Debug|Any CPU = Debug|Any CPU
		Release|Any CPU = Release|Any CPU
	EndGlobalSection
	GlobalSection(ProjectConfigurationPlatforms) = postSolution
		{412B509C-5392-4A2F-92D5-F047B8FFC507}.Debug|Any CPU.ActiveCfg = Debug|Any CPU
		{412B509C-5392-4A2F-92D5-F047B8FFC507}.Debug|Any CPU.Build.0 = Debug|Any CPU
		{412B509C-5392-4A2F-92D5-F047B8FFC507}.Release|Any CPU.ActiveCfg = Release|Any CPU
		{412B509C-5392-4A2F-92D5-F047B8FFC507}.Release|Any CPU.Build.0 = Release|Any CPU
		{ADCA578E-E1FF-4B13-AA61-781E707D36E2}.Debug|Any CPU.ActiveCfg = Debug|Any CPU
		{ADCA578E-E1FF-4B13-AA61-781E707D36E2}.Debug|Any CPU.Build.0 = Debug|Any CPU
		{ADCA578E-E1FF-4B13-AA61-781E707D36E2}.Release|Any CPU.ActiveCfg = Release|Any CPU
		{ADCA578E-E1FF-4B13-AA61-781E707D36E2}.Release|Any CPU.Build.0 = Release|Any CPU
		{1CDF4B1A-F176-47D1-8C1C-3507D122B7F8}.Debug|Any CPU.ActiveCfg = Debug|Any CPU
		{1CDF4B1A-F176-47D1-8C1C-3507D122B7F8}.Debug|Any CPU.Build.0 = Debug|Any CPU
		{1CDF4B1A-F176-47D1-8C1C-3507D122B7F8}.Release|Any CPU.ActiveCfg = Release|Any CPU
		{1CDF4B1A-F176-47D1-8C1C-3507D122B7F8}.Release|Any CPU.Build.0 = Release|Any CPU
		{CF5F1B02-FDE6-40BC-B8DA-0B8B584C4F40}.Debug|Any CPU.ActiveCfg = Debug|Any CPU
		{CF5F1B02-FDE6-40BC-B8DA-0B8B584C4F40}.Debug|Any CPU.Build.0 = Debug|Any CPU
		{CF5F1B02-FDE6-40BC-B8DA-0B8B584C4F40}.Release|Any CPU.ActiveCfg = Release|Any CPU
		{CF5F1B02-FDE6-40BC-B8DA-0B8B584C4F40}.Release|Any CPU.Build.0 = Release|Any CPU
	EndGlobalSection
	GlobalSection(SolutionProperties) = preSolution
		HideSolutionNode = FALSE
	EndGlobalSection
	GlobalSection(ExtensibilityGlobals) = postSolution
		SolutionGuid = {6047BFE8-661C-43EF-B687-BA1B002EEAC3}
	EndGlobalSection
EndGlobal
